{
  "object": {
    "pins": [
      {
        "package": "Alamofire",
        "repositoryURL": "https://github.com/Alamofire/Alamofire.git",
        "state": {
          "branch": null,
          "revision": "747c8db8d57b68d5e35275f10c92d55f982adbd4",
          "version": "4.9.1"
        }
      },
      {
        "package": "AnyErrorKit",
        "repositoryURL": "https://github.com/Nickelfox/AnyErrorKit",
        "state": {
          "branch": "develop",
          "revision": "14bdb446ae2469f776bfa3e3c93d39bb61c4f8cc",
          "version": null
        }
      },
      {
        "package": "CwlCatchException",
        "repositoryURL": "https://github.com/mattgallagher/CwlCatchException.git",
        "state": {
          "branch": null,
          "revision": "07b2ba21d361c223e25e3c1e924288742923f08c",
          "version": "2.2.1"
        }
      },
      {
        "package": "CwlPreconditionTesting",
        "repositoryURL": "https://github.com/mattgallagher/CwlPreconditionTesting.git",
        "state": {
          "branch": null,
          "revision": "0139c665ebb45e6a9fbdb68aabfd7c39f3fe0071",
          "version": "2.2.2"
        }
      },
      {
        "package": "FLUtilities",
        "repositoryURL": "https://github.com/Nickelfox/FLUtilities.git",
        "state": {
          "branch": "master",
          "revision": "a16a0cba058a6f4e2fa62cfdcfd082394f67bd8d",
          "version": null
        }
      },
      {
        "package": "FoxAPIKit",
        "repositoryURL": "https://github.com/Nickelfox/FoxAPIKit.git",
        "state": {
          "branch": "develop",
          "revision": "b66643d2077012d8cec8b9f1877451f8ee1277c4",
          "version": null
        }
      },
      {
        "package": "JSONParsing",
        "repositoryURL": "https://github.com/Nickelfox/JSONParsing",
        "state": {
          "branch": "develop",
          "revision": "a26873b4d023456b5cdfe19fb7da7759ccc004a8",
          "version": null
        }
      },
      {
        "package": "Nimble",
        "repositoryURL": "https://github.com/Quick/Nimble.git",
        "state": {
          "branch": null,
          "revision": "7795df4fff1a9cd231fe4867ae54f4dc5f5734f9",
          "version": "13.7.1"
        }
      },
      {
        "package": "Quick",
        "repositoryURL": "https://github.com/Quick/Quick.git",
        "state": {
          "branch": null,
          "revision": "1163a1b1b114a657c7432b63dd1f92ce99fe11a6",
          "version": "7.6.2"
        }
      },
      {
        "package": "ReactiveCocoa",
        "repositoryURL": "https://github.com/ReactiveCocoa/ReactiveCocoa.git",
        "state": {
          "branch": null,
          "revision": "8a5b07b18c6abb8e12fb845bf742675dc4914ed8",
          "version": "12.0.0"
        }
      },
      {
        "package": "ReactiveSwift",
        "repositoryURL": "https://github.com/ReactiveCocoa/ReactiveSwift.git",
        "state": {
          "branch": null,
          "revision": "c5eecb5374ac342e22d46abd333e4c8c698c93cc",
          "version": "7.2.0"
        }
      },
      {
        "package": "Realm",
        "repositoryURL": "https://github.com/realm/realm-cocoa",
        "state": {
          "branch": null,
          "revision": "d94d44781167fbb8d7a46fb181e784a6446ca5c1",
          "version": "10.54.4"
        }
      },
      {
        "package": "RealmDatabase",
        "repositoryURL": "https://github.com/realm/realm-core.git",
        "state": {
          "branch": null,
          "revision": "cccb3ca9e26ec452a29f2f0d4050d1e38b8a3d43",
          "version": "14.14.0"
        }
      },
      {
        "package": "swift-algorithms",
        "repositoryURL": "https://github.com/apple/swift-algorithms.git",
        "state": {
          "branch": null,
          "revision": "87e50f483c54e6efd60e885f7f5aa946cee68023",
          "version": "1.2.1"
        }
      },
      {
        "package": "swift-argument-parser",
        "repositoryURL": "https://github.com/apple/swift-argument-parser.git",
        "state": {
          "branch": null,
          "revision": "011f0c765fb46d9cac61bca19be0527e99c98c8b",
          "version": "1.5.1"
        }
      },
      {
        "package": "swift-numerics",
        "repositoryURL": "https://github.com/apple/swift-numerics.git",
        "state": {
          "branch": null,
          "revision": "e0ec0f5f3af6f3e4d5e7a19d2af26b481acb6ba8",
          "version": "1.0.3"
        }
      },
      {
        "package": "SwiftyJSON",
        "repositoryURL": "https://github.com/SwiftyJSON/SwiftyJSON.git",
        "state": {
          "branch": null,
          "revision": "2b6054efa051565954e1d2b9da831680026cd768",
          "version": "4.3.0"
        }
      }
    ]
  },
  "version": 1
}
